
Microsoft Visual Studio Solution File, Format Version 12.00
# Visual Studio Version 16
VisualStudioVersion = 16.0.30114.105
MinimumVisualStudioVersion = 10.0.40219.1
Project("{FAE04EC0-301F-11D3-BF4B-00C04F79EFBC}") = "WebApp", "src\WebApp\WebApp.csproj", "{2E16A5E1-E9C6-4EFF-BA64-1BA10AE9CB2C}"
EndProject
Project("{2150E333-8FDC-42A3-9474-1A3956D46DE8}") = "src", "src", "{AD66A3E3-76D2-4C98-B161-B40E80DA928B}"
EndProject
Project("{2150E333-8FDC-42A3-9474-1A3956D46DE8}") = "test", "test", "{F027FBCB-D038-47AF-A104-0053A1FDCCA8}"
EndProject
Project("{FAE04EC0-301F-11D3-BF4B-00C04F79EFBC}") = "WebApp.Tests", "test\WebApp.Tests\WebApp.Tests.csproj", "{037C2F81-626F-41B2-80B8-E8E8AABF81D2}"
EndProject
Global
	GlobalSection(SolutionConfigurationPlatforms) = preSolution
		Debug|Any CPU = Debug|Any CPU
		Debug|x64 = Debug|x64
		Debug|x86 = Debug|x86
		Release|Any CPU = Release|Any CPU
		Release|x64 = Release|x64
		Release|x86 = Release|x86
	EndGlobalSection
	GlobalSection(ProjectConfigurationPlatforms) = postSolution
		{2E16A5E1-E9C6-4EFF-BA64-1BA10AE9CB2C}.Debug|Any CPU.ActiveCfg = Debug|Any CPU
		{2E16A5E1-E9C6-4EFF-BA64-1BA10AE9CB2C}.Debug|Any CPU.Build.0 = Debug|Any CPU
		{2E16A5E1-E9C6-4EFF-BA64-1BA10AE9CB2C}.Debug|x64.ActiveCfg = Debug|Any CPU
		{2E16A5E1-E9C6-4EFF-BA64-1BA10AE9CB2C}.Debug|x64.Build.0 = Debug|Any CPU
		{2E16A5E1-E9C6-4EFF-BA64-1BA10AE9CB2C}.Debug|x86.ActiveCfg = Debug|Any CPU
		{2E16A5E1-E9C6-4EFF-BA64-1BA10AE9CB2C}.Debug|x86.Build.0 = Debug|Any CPU
		{2E16A5E1-E9C6-4EFF-BA64-1BA10AE9CB2C}.Release|Any CPU.ActiveCfg = Release|Any CPU
		{2E16A5E1-E9C6-4EFF-BA64-1BA10AE9CB2C}.Release|Any CPU.Build.0 = Release|Any CPU
		{2E16A5E1-E9C6-4EFF-BA64-1BA10AE9CB2C}.Release|x64.ActiveCfg = Release|Any CPU
		{2E16A5E1-E9C6-4EFF-BA64-1BA10AE9CB2C}.Release|x64.Build.0 = Release|Any CPU
		{2E16A5E1-E9C6-4EFF-BA64-1BA10AE9CB2C}.Release|x86.ActiveCfg = Release|Any CPU
		{2E16A5E1-E9C6-4EFF-BA64-1BA10AE9CB2C}.Release|x86.Build.0 = Release|Any CPU
		{037C2F81-626F-41B2-80B8-E8E8AABF81D2}.Debug|Any CPU.ActiveCfg = Debug|Any CPU
		{037C2F81-626F-41B2-80B8-E8E8AABF81D2}.Debug|Any CPU.Build.0 = Debug|Any CPU
		{037C2F81-626F-41B2-80B8-E8E8AABF81D2}.Debug|x64.ActiveCfg = Debug|Any CPU
		{037C2F81-626F-41B2-80B8-E8E8AABF81D2}.Debug|x64.Build.0 = Debug|Any CPU
		{037C2F81-626F-41B2-80B8-E8E8AABF81D2}.Debug|x86.ActiveCfg = Debug|Any CPU
		{037C2F81-626F-41B2-80B8-E8E8AABF81D2}.Debug|x86.Build.0 = Debug|Any CPU
		{037C2F81-626F-41B2-80B8-E8E8AABF81D2}.Release|Any CPU.ActiveCfg = Release|Any CPU
		{037C2F81-626F-41B2-80B8-E8E8AABF81D2}.Release|Any CPU.Build.0 = Release|Any CPU
		{037C2F81-626F-41B2-80B8-E8E8AABF81D2}.Release|x64.ActiveCfg = Release|Any CPU
		{037C2F81-626F-41B2-80B8-E8E8AABF81D2}.Release|x64.Build.0 = Release|Any CPU
		{037C2F81-626F-41B2-80B8-E8E8AABF81D2}.Release|x86.ActiveCfg = Release|Any CPU
		{037C2F81-626F-41B2-80B8-E8E8AABF81D2}.Release|x86.Build.0 = Release|Any CPU
	EndGlobalSection
	GlobalSection(SolutionProperties) = preSolution
		HideSolutionNode = FALSE
	EndGlobalSection
	GlobalSection(NestedProjects) = preSolution
		{2E16A5E1-E9C6-4EFF-BA64-1BA10AE9CB2C} = {AD66A3E3-76D2-4C98-B161-B40E80DA928B}
		{037C2F81-626F-41B2-80B8-E8E8AABF81D2} = {F027FBCB-D038-47AF-A104-0053A1FDCCA8}
	EndGlobalSection
	GlobalSection(ExtensibilityGlobals) = postSolution
		SolutionGuid = {D0BCA8D4-CE96-4681-BA93-78691A8615EA}
	EndGlobalSection
EndGlobal
